
Microsoft Visual Studio Solution File, Format Version 12.00
# Visual Studio Version 16
VisualStudioVersion = 16.0.31112.23
MinimumVisualStudioVersion = 10.0.40219.1
Project("{9A19103F-16F7-4668-BE54-9A1E7A4F7556}") = "SystemeVentes", "SystemeVentes\SystemeVentes.csproj", "{11C9519D-12BC-4566-B8FF-3190552D85A0}"
EndProject
Project("{FAE04EC0-301F-11D3-BF4B-00C04F79EFBC}") = "SystemeVentes.Tests", "SystemeVentes.Tests\SystemeVentes.Tests.csproj", "{B49428B3-4FED-483D-A0D3-B28631B5D4F5}"
EndProject
Global
	GlobalSection(SolutionConfigurationPlatforms) = preSolution
		Debug|Any CPU = Debug|Any CPU
		Release|Any CPU = Release|Any CPU
	EndGlobalSection
	GlobalSection(ProjectConfigurationPlatforms) = postSolution
		{11C9519D-12BC-4566-B8FF-3190552D85A0}.Debug|Any CPU.ActiveCfg = Debug|Any CPU
		{11C9519D-12BC-4566-B8FF-3190552D85A0}.Debug|Any CPU.Build.0 = Debug|Any CPU
		{11C9519D-12BC-4566-B8FF-3190552D85A0}.Release|Any CPU.ActiveCfg = Release|Any CPU
		{11C9519D-12BC-4566-B8FF-3190552D85A0}.Release|Any CPU.Build.0 = Release|Any CPU
		{B49428B3-4FED-483D-A0D3-B28631B5D4F5}.Debug|Any CPU.ActiveCfg = Debug|Any CPU
		{B49428B3-4FED-483D-A0D3-B28631B5D4F5}.Debug|Any CPU.Build.0 = Debug|Any CPU
		{B49428B3-4FED-483D-A0D3-B28631B5D4F5}.Release|Any CPU.ActiveCfg = Release|Any CPU
		{B49428B3-4FED-483D-A0D3-B28631B5D4F5}.Release|Any CPU.Build.0 = Release|Any CPU
	EndGlobalSection
	GlobalSection(SolutionProperties) = preSolution
		HideSolutionNode = FALSE
	EndGlobalSection
	GlobalSection(ExtensibilityGlobals) = postSolution
		SolutionGuid = {D080416C-A513-48F3-B392-D0BDFEFE16CA}
	EndGlobalSection
EndGlobal
